// !$*UTF8*$!
{
	archiveVersion = 1;
	classes = {
	};
	objectVersion = 46;
	objects = {

/* Begin PBXBuildFile section */
		A511DB711A7DBFB5009012BC /* AboutViewController.swift in Sources */ = {isa = PBXBuildFile; fileRef = A511DB701A7DBFB5009012BC /* AboutViewController.swift */; };
		A5216A7F1A76E8630037DCFC /* speakers.png in Resources */ = {isa = PBXBuildFile; fileRef = A5216A7E1A76E8630037DCFC /* speakers.png */; };
		A5216A811A76E8A00037DCFC /* about.png in Resources */ = {isa = PBXBuildFile; fileRef = A5216A801A76E8A00037DCFC /* about.png */; };
		A5216A871A76EF6B0037DCFC /* music.png in Resources */ = {isa = PBXBuildFile; fileRef = A5216A851A76EF6B0037DCFC /* music.png */; };
		A5216A881A76EF6B0037DCFC /* speaker.png in Resources */ = {isa = PBXBuildFile; fileRef = A5216A861A76EF6B0037DCFC /* speaker.png */; };
		A522EC731A74EFF000369947 /* home.png in Resources */ = {isa = PBXBuildFile; fileRef = A522EC6F1A74EFF000369947 /* home.png */; };
		A522EC741A74EFF000369947 /* map.png in Resources */ = {isa = PBXBuildFile; fileRef = A522EC701A74EFF000369947 /* map.png */; };
		A522EC761A74EFF000369947 /* timeline.png in Resources */ = {isa = PBXBuildFile; fileRef = A522EC721A74EFF000369947 /* timeline.png */; };
		A568370B1A8D10DA00E71EA9 /* SpeakerViewController.swift in Sources */ = {isa = PBXBuildFile; fileRef = A568370A1A8D10DA00E71EA9 /* SpeakerViewController.swift */; };
		A59BA6841A745CC400CB5034 /* SpeakersTableViewController.swift in Sources */ = {isa = PBXBuildFile; fileRef = A59BA6831A745CC400CB5034 /* SpeakersTableViewController.swift */; };
		A59BA6861A745CD500CB5034 /* TimelineTableViewController.swift in Sources */ = {isa = PBXBuildFile; fileRef = A59BA6851A745CD500CB5034 /* TimelineTableViewController.swift */; };
		A59BA6881A745E1D00CB5034 /* MapKit.framework in Frameworks */ = {isa = PBXBuildFile; fileRef = A59BA6871A745E1D00CB5034 /* MapKit.framework */; };
		A5A0B0B01A745293006914E1 /* AppDelegate.swift in Sources */ = {isa = PBXBuildFile; fileRef = A5A0B0AF1A745293006914E1 /* AppDelegate.swift */; };
		A5A0B0B21A745293006914E1 /* FirstViewController.swift in Sources */ = {isa = PBXBuildFile; fileRef = A5A0B0B11A745293006914E1 /* FirstViewController.swift */; };
		A5A0B0B71A745293006914E1 /* Main.storyboard in Resources */ = {isa = PBXBuildFile; fileRef = A5A0B0B51A745293006914E1 /* Main.storyboard */; };
		A5A0B0B91A745293006914E1 /* Images.xcassets in Resources */ = {isa = PBXBuildFile; fileRef = A5A0B0B81A745293006914E1 /* Images.xcassets */; };
		A5A0B0BC1A745293006914E1 /* LaunchScreen.xib in Resources */ = {isa = PBXBuildFile; fileRef = A5A0B0BA1A745293006914E1 /* LaunchScreen.xib */; };
		A5A0B0C81A745293006914E1 /* iOSAppTests.swift in Sources */ = {isa = PBXBuildFile; fileRef = A5A0B0C71A745293006914E1 /* iOSAppTests.swift */; };
		A5AB69191A75540900DDD1C1 /* logo.png in Resources */ = {isa = PBXBuildFile; fileRef = A5AB69181A75540900DDD1C1 /* logo.png */; };
/* End PBXBuildFile section */

/* Begin PBXContainerItemProxy section */
		A5A0B0C21A745293006914E1 /* PBXContainerItemProxy */ = {
			isa = PBXContainerItemProxy;
			containerPortal = A5A0B0A21A745292006914E1 /* Project object */;
			proxyType = 1;
			remoteGlobalIDString = A5A0B0A91A745292006914E1;
			remoteInfo = iOSApp;
		};
/* End PBXContainerItemProxy section */

/* Begin PBXFileReference section */
		A511DB701A7DBFB5009012BC /* AboutViewController.swift */ = {isa = PBXFileReference; fileEncoding = 4; lastKnownFileType = sourcecode.swift; path = AboutViewController.swift; sourceTree = "<group>"; };
		A5216A7E1A76E8630037DCFC /* speakers.png */ = {isa = PBXFileReference; lastKnownFileType = image.png; name = speakers.png; path = images/speakers.png; sourceTree = "<group>"; };
		A5216A801A76E8A00037DCFC /* about.png */ = {isa = PBXFileReference; lastKnownFileType = image.png; name = about.png; path = images/about.png; sourceTree = "<group>"; };
		A5216A851A76EF6B0037DCFC /* music.png */ = {isa = PBXFileReference; lastKnownFileType = image.png; name = music.png; path = images/music.png; sourceTree = "<group>"; };
		A5216A861A76EF6B0037DCFC /* speaker.png */ = {isa = PBXFileReference; lastKnownFileType = image.png; name = speaker.png; path = images/speaker.png; sourceTree = "<group>"; };
		A522EC6F1A74EFF000369947 /* home.png */ = {isa = PBXFileReference; lastKnownFileType = image.png; name = home.png; path = images/home.png; sourceTree = "<group>"; };
		A522EC701A74EFF000369947 /* map.png */ = {isa = PBXFileReference; lastKnownFileType = image.png; name = map.png; path = images/map.png; sourceTree = "<group>"; };
		A522EC721A74EFF000369947 /* timeline.png */ = {isa = PBXFileReference; lastKnownFileType = image.png; name = timeline.png; path = images/timeline.png; sourceTree = "<group>"; };
		A568370A1A8D10DA00E71EA9 /* SpeakerViewController.swift */ = {isa = PBXFileReference; fileEncoding = 4; lastKnownFileType = sourcecode.swift; path = SpeakerViewController.swift; sourceTree = "<group>"; };
		A59BA6831A745CC400CB5034 /* SpeakersTableViewController.swift */ = {isa = PBXFileReference; fileEncoding = 4; lastKnownFileType = sourcecode.swift; path = SpeakersTableViewController.swift; sourceTree = "<group>"; };
		A59BA6851A745CD500CB5034 /* TimelineTableViewController.swift */ = {isa = PBXFileReference; fileEncoding = 4; lastKnownFileType = sourcecode.swift; path = TimelineTableViewController.swift; sourceTree = "<group>"; };
		A59BA6871A745E1D00CB5034 /* MapKit.framework */ = {isa = PBXFileReference; lastKnownFileType = wrapper.framework; name = MapKit.framework; path = System/Library/Frameworks/MapKit.framework; sourceTree = SDKROOT; };
		A5A0B0AA1A745293006914E1 /* iOSApp.app */ = {isa = PBXFileReference; explicitFileType = wrapper.application; includeInIndex = 0; path = iOSApp.app; sourceTree = BUILT_PRODUCTS_DIR; };
		A5A0B0AE1A745293006914E1 /* Info.plist */ = {isa = PBXFileReference; lastKnownFileType = text.plist.xml; path = Info.plist; sourceTree = "<group>"; };
		A5A0B0AF1A745293006914E1 /* AppDelegate.swift */ = {isa = PBXFileReference; lastKnownFileType = sourcecode.swift; path = AppDelegate.swift; sourceTree = "<group>"; };
		A5A0B0B11A745293006914E1 /* FirstViewController.swift */ = {isa = PBXFileReference; lastKnownFileType = sourcecode.swift; path = FirstViewController.swift; sourceTree = "<group>"; };
		A5A0B0B61A745293006914E1 /* Base */ = {isa = PBXFileReference; lastKnownFileType = file.storyboard; name = Base; path = Base.lproj/Main.storyboard; sourceTree = "<group>"; };
		A5A0B0B81A745293006914E1 /* Images.xcassets */ = {isa = PBXFileReference; lastKnownFileType = folder.assetcatalog; path = Images.xcassets; sourceTree = "<group>"; };
		A5A0B0BB1A745293006914E1 /* Base */ = {isa = PBXFileReference; lastKnownFileType = file.xib; name = Base; path = Base.lproj/LaunchScreen.xib; sourceTree = "<group>"; };
		A5A0B0C11A745293006914E1 /* iOSAppTests.xctest */ = {isa = PBXFileReference; explicitFileType = wrapper.cfbundle; includeInIndex = 0; path = iOSAppTests.xctest; sourceTree = BUILT_PRODUCTS_DIR; };
		A5A0B0C61A745293006914E1 /* Info.plist */ = {isa = PBXFileReference; lastKnownFileType = text.plist.xml; path = Info.plist; sourceTree = "<group>"; };
		A5A0B0C71A745293006914E1 /* iOSAppTests.swift */ = {isa = PBXFileReference; lastKnownFileType = sourcecode.swift; path = iOSAppTests.swift; sourceTree = "<group>"; };
		A5AB69181A75540900DDD1C1 /* logo.png */ = {isa = PBXFileReference; lastKnownFileType = image.png; name = logo.png; path = images/logo.png; sourceTree = "<group>"; };
/* End PBXFileReference section */

/* Begin PBXFrameworksBuildPhase section */
		A5A0B0A71A745292006914E1 /* Frameworks */ = {
			isa = PBXFrameworksBuildPhase;
			buildActionMask = 2147483647;
			files = (
				A59BA6881A745E1D00CB5034 /* MapKit.framework in Frameworks */,
			);
			runOnlyForDeploymentPostprocessing = 0;
		};
		A5A0B0BE1A745293006914E1 /* Frameworks */ = {
			isa = PBXFrameworksBuildPhase;
			buildActionMask = 2147483647;
			files = (
			);
			runOnlyForDeploymentPostprocessing = 0;
		};
/* End PBXFrameworksBuildPhase section */

/* Begin PBXGroup section */
		A5216A841A76EBFF0037DCFC /* images */ = {
			isa = PBXGroup;
			children = (
				A5216A851A76EF6B0037DCFC /* music.png */,
				A5216A861A76EF6B0037DCFC /* speaker.png */,
				A5216A801A76E8A00037DCFC /* about.png */,
				A5216A7E1A76E8630037DCFC /* speakers.png */,
				A5AB69181A75540900DDD1C1 /* logo.png */,
				A522EC6F1A74EFF000369947 /* home.png */,
				A522EC701A74EFF000369947 /* map.png */,
				A522EC721A74EFF000369947 /* timeline.png */,
			);
			name = images;
			sourceTree = "<group>";
		};
		A5A0B0A11A745292006914E1 = {
			isa = PBXGroup;
			children = (
				A59BA6871A745E1D00CB5034 /* MapKit.framework */,
				A5A0B0AC1A745293006914E1 /* iOSApp */,
				A5A0B0C41A745293006914E1 /* iOSAppTests */,
				A5A0B0AB1A745293006914E1 /* Products */,
			);
			sourceTree = "<group>";
		};
		A5A0B0AB1A745293006914E1 /* Products */ = {
			isa = PBXGroup;
			children = (
				A5A0B0AA1A745293006914E1 /* iOSApp.app */,
				A5A0B0C11A745293006914E1 /* iOSAppTests.xctest */,
			);
			name = Products;
			sourceTree = "<group>";
		};
		A5A0B0AC1A745293006914E1 /* iOSApp */ = {
			isa = PBXGroup;
			children = (
				A5A0B0AF1A745293006914E1 /* AppDelegate.swift */,
				A5A0B0B11A745293006914E1 /* FirstViewController.swift */,
				A59BA6831A745CC400CB5034 /* SpeakersTableViewController.swift */,
				A568370A1A8D10DA00E71EA9 /* SpeakerViewController.swift */,
				A59BA6851A745CD500CB5034 /* TimelineTableViewController.swift */,
				A5A0B0B51A745293006914E1 /* Main.storyboard */,
				A511DB701A7DBFB5009012BC /* AboutViewController.swift */,
				A5A0B0BA1A745293006914E1 /* LaunchScreen.xib */,
				A5A0B0AD1A745293006914E1 /* Supporting Files */,
				A5A0B0B81A745293006914E1 /* Images.xcassets */,
				A5216A841A76EBFF0037DCFC /* images */,
			);
			path = iOSApp;
			sourceTree = "<group>";
		};
		A5A0B0AD1A745293006914E1 /* Supporting Files */ = {
			isa = PBXGroup;
			children = (
				A5A0B0AE1A745293006914E1 /* Info.plist */,
			);
			name = "Supporting Files";
			sourceTree = "<group>";
		};
		A5A0B0C41A745293006914E1 /* iOSAppTests */ = {
			isa = PBXGroup;
			children = (
				A5A0B0C71A745293006914E1 /* iOSAppTests.swift */,
				A5A0B0C51A745293006914E1 /* Supporting Files */,
			);
			path = iOSAppTests;
			sourceTree = "<group>";
		};
		A5A0B0C51A745293006914E1 /* Supporting Files */ = {
			isa = PBXGroup;
			children = (
				A5A0B0C61A745293006914E1 /* Info.plist */,
			);
			name = "Supporting Files";
			sourceTree = "<group>";
		};
/* End PBXGroup section */

/* Begin PBXNativeTarget section */
		A5A0B0A91A745292006914E1 /* iOSApp */ = {
			isa = PBXNativeTarget;
			buildConfigurationList = A5A0B0CB1A745293006914E1 /* Build configuration list for PBXNativeTarget "iOSApp" */;
			buildPhases = (
				A5A0B0A61A745292006914E1 /* Sources */,
				A5A0B0A71A745292006914E1 /* Frameworks */,
				A5A0B0A81A745292006914E1 /* Resources */,
			);
			buildRules = (
			);
			dependencies = (
			);
			name = iOSApp;
			productName = iOSApp;
			productReference = A5A0B0AA1A745293006914E1 /* iOSApp.app */;
			productType = "com.apple.product-type.application";
		};
		A5A0B0C01A745293006914E1 /* iOSAppTests */ = {
			isa = PBXNativeTarget;
			buildConfigurationList = A5A0B0CE1A745293006914E1 /* Build configuration list for PBXNativeTarget "iOSAppTests" */;
			buildPhases = (
				A5A0B0BD1A745293006914E1 /* Sources */,
				A5A0B0BE1A745293006914E1 /* Frameworks */,
				A5A0B0BF1A745293006914E1 /* Resources */,
			);
			buildRules = (
			);
			dependencies = (
				A5A0B0C31A745293006914E1 /* PBXTargetDependency */,
			);
			name = iOSAppTests;
			productName = iOSAppTests;
			productReference = A5A0B0C11A745293006914E1 /* iOSAppTests.xctest */;
			productType = "com.apple.product-type.bundle.unit-test";
		};
/* End PBXNativeTarget section */

/* Begin PBXProject section */
		A5A0B0A21A745292006914E1 /* Project object */ = {
			isa = PBXProject;
			attributes = {
				LastUpgradeCheck = 0610;
				ORGANIZATIONNAME = TExBerkeley;
				TargetAttributes = {
					A5A0B0A91A745292006914E1 = {
						CreatedOnToolsVersion = 6.1.1;
					};
					A5A0B0C01A745293006914E1 = {
						CreatedOnToolsVersion = 6.1.1;
						TestTargetID = A5A0B0A91A745292006914E1;
					};
				};
			};
			buildConfigurationList = A5A0B0A51A745292006914E1 /* Build configuration list for PBXProject "iOSApp" */;
			compatibilityVersion = "Xcode 3.2";
			developmentRegion = English;
			hasScannedForEncodings = 0;
			knownRegions = (
				en,
				Base,
			);
			mainGroup = A5A0B0A11A745292006914E1;
			productRefGroup = A5A0B0AB1A745293006914E1 /* Products */;
			projectDirPath = "";
			projectRoot = "";
			targets = (
				A5A0B0A91A745292006914E1 /* iOSApp */,
				A5A0B0C01A745293006914E1 /* iOSAppTests */,
			);
		};
/* End PBXProject section */

/* Begin PBXResourcesBuildPhase section */
		A5A0B0A81A745292006914E1 /* Resources */ = {
			isa = PBXResourcesBuildPhase;
			buildActionMask = 2147483647;
			files = (
				A5AB69191A75540900DDD1C1 /* logo.png in Resources */,
				A522EC761A74EFF000369947 /* timeline.png in Resources */,
				A5216A811A76E8A00037DCFC /* about.png in Resources */,
				A522EC731A74EFF000369947 /* home.png in Resources */,
				A5216A871A76EF6B0037DCFC /* music.png in Resources */,
				A5A0B0B71A745293006914E1 /* Main.storyboard in Resources */,
				A5A0B0BC1A745293006914E1 /* LaunchScreen.xib in Resources */,
				A5216A7F1A76E8630037DCFC /* speakers.png in Resources */,
				A5A0B0B91A745293006914E1 /* Images.xcassets in Resources */,
				A522EC741A74EFF000369947 /* map.png in Resources */,
				A5216A881A76EF6B0037DCFC /* speaker.png in Resources */,
			);
			runOnlyForDeploymentPostprocessing = 0;
		};
		A5A0B0BF1A745293006914E1 /* Resources */ = {
			isa = PBXResourcesBuildPhase;
			buildActionMask = 2147483647;
			files = (
			);
			runOnlyForDeploymentPostprocessing = 0;
		};
/* End PBXResourcesBuildPhase section */

/* Begin PBXSourcesBuildPhase section */
		A5A0B0A61A745292006914E1 /* Sources */ = {
			isa = PBXSourcesBuildPhase;
			buildActionMask = 2147483647;
			files = (
				A511DB711A7DBFB5009012BC /* AboutViewController.swift in Sources */,
				A59BA6841A745CC400CB5034 /* SpeakersTableViewController.swift in Sources */,
				A5A0B0B01A745293006914E1 /* AppDelegate.swift in Sources */,
				A59BA6861A745CD500CB5034 /* TimelineTableViewController.swift in Sources */,
				A568370B1A8D10DA00E71EA9 /* SpeakerViewController.swift in Sources */,
				A5A0B0B21A745293006914E1 /* FirstViewController.swift in Sources */,
			);
			runOnlyForDeploymentPostprocessing = 0;
		};
		A5A0B0BD1A745293006914E1 /* Sources */ = {
			isa = PBXSourcesBuildPhase;
			buildActionMask = 2147483647;
			files = (
				A5A0B0C81A745293006914E1 /* iOSAppTests.swift in Sources */,
			);
			runOnlyForDeploymentPostprocessing = 0;
		};
/* End PBXSourcesBuildPhase section */

/* Begin PBXTargetDependency section */
		A5A0B0C31A745293006914E1 /* PBXTargetDependency */ = {
			isa = PBXTargetDependency;
			target = A5A0B0A91A745292006914E1 /* iOSApp */;
			targetProxy = A5A0B0C21A745293006914E1 /* PBXContainerItemProxy */;
		};
/* End PBXTargetDependency section */

/* Begin PBXVariantGroup section */
		A5A0B0B51A745293006914E1 /* Main.storyboard */ = {
			isa = PBXVariantGroup;
			children = (
				A5A0B0B61A745293006914E1 /* Base */,
			);
			name = Main.storyboard;
			sourceTree = "<group>";
		};
		A5A0B0BA1A745293006914E1 /* LaunchScreen.xib */ = {
			isa = PBXVariantGroup;
			children = (
				A5A0B0BB1A745293006914E1 /* Base */,
			);
			name = LaunchScreen.xib;
			sourceTree = "<group>";
		};
/* End PBXVariantGroup section */

/* Begin XCBuildConfiguration section */
		A5A0B0C91A745293006914E1 /* Debug */ = {
			isa = XCBuildConfiguration;
			buildSettings = {
				ALWAYS_SEARCH_USER_PATHS = NO;
				CLANG_CXX_LANGUAGE_STANDARD = "gnu++0x";
				CLANG_CXX_LIBRARY = "libc++";
				CLANG_ENABLE_MODULES = YES;
				CLANG_ENABLE_OBJC_ARC = YES;
				CLANG_WARN_BOOL_CONVERSION = YES;
				CLANG_WARN_CONSTANT_CONVERSION = YES;
				CLANG_WARN_DIRECT_OBJC_ISA_USAGE = YES_ERROR;
				CLANG_WARN_EMPTY_BODY = YES;
				CLANG_WARN_ENUM_CONVERSION = YES;
				CLANG_WARN_INT_CONVERSION = YES;
				CLANG_WARN_OBJC_ROOT_CLASS = YES_ERROR;
				CLANG_WARN_UNREACHABLE_CODE = YES;
				CLANG_WARN__DUPLICATE_METHOD_MATCH = YES;
				"CODE_SIGN_IDENTITY[sdk=iphoneos*]" = "iPhone Developer";
				COPY_PHASE_STRIP = NO;
				ENABLE_STRICT_OBJC_MSGSEND = YES;
				GCC_C_LANGUAGE_STANDARD = gnu99;
				GCC_DYNAMIC_NO_PIC = NO;
				GCC_OPTIMIZATION_LEVEL = 0;
				GCC_PREPROCESSOR_DEFINITIONS = (
					"DEBUG=1",
					"$(inherited)",
				);
				GCC_SYMBOLS_PRIVATE_EXTERN = NO;
				GCC_WARN_64_TO_32_BIT_CONVERSION = YES;
				GCC_WARN_ABOUT_RETURN_TYPE = YES_ERROR;
				GCC_WARN_UNDECLARED_SELECTOR = YES;
				GCC_WARN_UNINITIALIZED_AUTOS = YES_AGGRESSIVE;
				GCC_WARN_UNUSED_FUNCTION = YES;
				GCC_WARN_UNUSED_VARIABLE = YES;
				IPHONEOS_DEPLOYMENT_TARGET = 8.1;
				MTL_ENABLE_DEBUG_INFO = YES;
				ONLY_ACTIVE_ARCH = YES;
				SDKROOT = iphoneos;
				SWIFT_OPTIMIZATION_LEVEL = "-Onone";
				TARGETED_DEVICE_FAMILY = "1,2";
			};
			name = Debug;
		};
		A5A0B0CA1A745293006914E1 /* Release */ = {
			isa = XCBuildConfiguration;
			buildSettings = {
				ALWAYS_SEARCH_USER_PATHS = NO;
				CLANG_CXX_LANGUAGE_STANDARD = "gnu++0x";
				CLANG_CXX_LIBRARY = "libc++";
				CLANG_ENABLE_MODULES = YES;
				CLANG_ENABLE_OBJC_ARC = YES;
				CLANG_WARN_BOOL_CONVERSION = YES;
				CLANG_WARN_CONSTANT_CONVERSION = YES;
				CLANG_WARN_DIRECT_OBJC_ISA_USAGE = YES_ERROR;
				CLANG_WARN_EMPTY_BODY = YES;
				CLANG_WARN_ENUM_CONVERSION = YES;
				CLANG_WARN_INT_CONVERSION = YES;
				CLANG_WARN_OBJC_ROOT_CLASS = YES_ERROR;
				CLANG_WARN_UNREACHABLE_CODE = YES;
				CLANG_WARN__DUPLICATE_METHOD_MATCH = YES;
				"CODE_SIGN_IDENTITY[sdk=iphoneos*]" = "iPhone Developer";
				COPY_PHASE_STRIP = YES;
				ENABLE_NS_ASSERTIONS = NO;
				ENABLE_STRICT_OBJC_MSGSEND = YES;
				GCC_C_LANGUAGE_STANDARD = gnu99;
				GCC_WARN_64_TO_32_BIT_CONVERSION = YES;
				GCC_WARN_ABOUT_RETURN_TYPE = YES_ERROR;
				GCC_WARN_UNDECLARED_SELECTOR = YES;
				GCC_WARN_UNINITIALIZED_AUTOS = YES_AGGRESSIVE;
				GCC_WARN_UNUSED_FUNCTION = YES;
				GCC_WARN_UNUSED_VARIABLE = YES;
				IPHONEOS_DEPLOYMENT_TARGET = 8.1;
				MTL_ENABLE_DEBUG_INFO = NO;
				SDKROOT = iphoneos;
				TARGETED_DEVICE_FAMILY = "1,2";
				VALIDATE_PRODUCT = YES;
			};
			name = Release;
		};
		A5A0B0CC1A745293006914E1 /* Debug */ = {
			isa = XCBuildConfiguration;
			buildSettings = {
				ASSETCATALOG_COMPILER_APPICON_NAME = AppIcon;
				INFOPLIST_FILE = iOSApp/Info.plist;
				LD_RUNPATH_SEARCH_PATHS = "$(inherited) @executable_path/Frameworks";
				PRODUCT_NAME = "$(TARGET_NAME)";
			};
			name = Debug;
		};
		A5A0B0CD1A745293006914E1 /* Release */ = {
			isa = XCBuildConfiguration;
			buildSettings = {
				ASSETCATALOG_COMPILER_APPICON_NAME = AppIcon;
				INFOPLIST_FILE = iOSApp/Info.plist;
				LD_RUNPATH_SEARCH_PATHS = "$(inherited) @executable_path/Frameworks";
				PRODUCT_NAME = "$(TARGET_NAME)";
			};
			name = Release;
		};
		A5A0B0CF1A745293006914E1 /* Debug */ = {
			isa = XCBuildConfiguration;
			buildSettings = {
				BUNDLE_LOADER = "$(TEST_HOST)";
				FRAMEWORK_SEARCH_PATHS = (
					"$(SDKROOT)/Developer/Library/Frameworks",
					"$(inherited)",
				);
				GCC_PREPROCESSOR_DEFINITIONS = (
					"DEBUG=1",
					"$(inherited)",
				);
				INFOPLIST_FILE = iOSAppTests/Info.plist;
				LD_RUNPATH_SEARCH_PATHS = "$(inherited) @executable_path/Frameworks @loader_path/Frameworks";
				PRODUCT_NAME = "$(TARGET_NAME)";
				TEST_HOST = "$(BUILT_PRODUCTS_DIR)/iOSApp.app/iOSApp";
			};
			name = Debug;
		};
		A5A0B0D01A745293006914E1 /* Release */ = {
			isa = XCBuildConfiguration;
			buildSettings = {
				BUNDLE_LOADER = "$(TEST_HOST)";
				FRAMEWORK_SEARCH_PATHS = (
					"$(SDKROOT)/Developer/Library/Frameworks",
					"$(inherited)",
				);
				INFOPLIST_FILE = iOSAppTests/Info.plist;
				LD_RUNPATH_SEARCH_PATHS = "$(inherited) @executable_path/Frameworks @loader_path/Frameworks";
				PRODUCT_NAME = "$(TARGET_NAME)";
				TEST_HOST = "$(BUILT_PRODUCTS_DIR)/iOSApp.app/iOSApp";
			};
			name = Release;
		};
/* End XCBuildConfiguration section */

/* Begin XCConfigurationList section */
		A5A0B0A51A745292006914E1 /* Build configuration list for PBXProject "iOSApp" */ = {
			isa = XCConfigurationList;
			buildConfigurations = (
				A5A0B0C91A745293006914E1 /* Debug */,
				A5A0B0CA1A745293006914E1 /* Release */,
			);
			defaultConfigurationIsVisible = 0;
			defaultConfigurationName = Release;
		};
		A5A0B0CB1A745293006914E1 /* Build configuration list for PBXNativeTarget "iOSApp" */ = {
			isa = XCConfigurationList;
			buildConfigurations = (
				A5A0B0CC1A745293006914E1 /* Debug */,
				A5A0B0CD1A745293006914E1 /* Release */,
			);
			defaultConfigurationIsVisible = 0;
			defaultConfigurationName = Release;
		};
		A5A0B0CE1A745293006914E1 /* Build configuration list for PBXNativeTarget "iOSAppTests" */ = {
			isa = XCConfigurationList;
			buildConfigurations = (
				A5A0B0CF1A745293006914E1 /* Debug */,
				A5A0B0D01A745293006914E1 /* Release */,
			);
			defaultConfigurationIsVisible = 0;
			defaultConfigurationName = Release;
		};
/* End XCConfigurationList section */
	};
	rootObject = A5A0B0A21A745292006914E1 /* Project object */;
}
